version = 1
revision = 3
requires-python = "==3.12.*"

[[package]]
name = "box2d"
version = "2.3.10"
source = { registry = "https://pypi.org/simple" }
wheels = [
    { url = "https://files.pythonhosted.org/packages/fe/50/978d24d7d9e236f75f6663a32dc71bfeb72b237acb3e410ede6bd7330014/Box2D-2.3.10-cp312-cp312-macosx_10_13_x86_64.whl", hash = "sha256:4dfba4a0639084bdf8eca0ed686ec16419538d5722b54ea1398998de9a705ab2", size = 1324164, upload-time = "2024-11-29T18:01:09.918Z" },
    { url = "https://files.pythonhosted.org/packages/2c/33/303c8e540516eebd38e2d117c3a5b151e0ae8cf9b76d05ff266a29d361b1/Box2D-2.3.10-cp312-cp312-macosx_11_0_arm64.whl", hash = "sha256:b00a2edd8561d34cb88bd8818f1243b8fed030c8ad10b60181e8e57a45a74795", size = 1280204, upload-time = "2024-11-29T18:01:12.276Z" },
    { url = "https://files.pythonhosted.org/packages/f9/d3/857a8806d6639df07c911c5b1a64b093445f4d58ebe3a076f5daaa11fc38/Box2D-2.3.10-cp312-cp312-manylinux_2_17_x86_64.manylinux2014_x86_64.whl", hash = "sha256:041bdec01bb31d5e795af262d2bf8cc158929e149212dbfbbf4dcdcfd6de5f99", size = 3691487, upload-time = "2024-11-29T18:01:35.699Z" },
    { url = "https://files.pythonhosted.org/packages/a2/b7/093042694a6a844666180fff74d294a672c87e91285c460d22973a0b4e08/Box2D-2.3.10-cp312-cp312-manylinux_2_5_i686.manylinux1_i686.manylinux_2_17_i686.manylinux2014_i686.whl", hash = "sha256:e97afcd97834524b7d3a1cf9f14a5b68da8c536c6002b4edf87ff1715ddccc5c", size = 3376935, upload-time = "2024-11-29T18:01:50.341Z" },
    { url = "https://files.pythonhosted.org/packages/fb/3a/0656495f88af573660bb6de5240e500fa96ede5e7adaf2b4ae1a55afe615/Box2D-2.3.10-cp312-cp312-musllinux_1_2_i686.whl", hash = "sha256:d4083933c43ad01049e0315ff8217eb463567b8f68eb37d250fc88be9d52ae42", size = 4342608, upload-time = "2024-11-29T18:02:12.655Z" },
    { url = "https://files.pythonhosted.org/packages/f5/87/c5fc979827d555ab9b9803d7f0b043b5a6108f8de8c7184be385b24fd3c0/Box2D-2.3.10-cp312-cp312-musllinux_1_2_x86_64.whl", hash = "sha256:6b0d1cb60b917297b0c9d770b3a7f152aa112f7d0f2a4c1634c5cc060f898c4f", size = 4423303, upload-time = "2024-11-29T18:02:28.32Z" },
    { url = "https://files.pythonhosted.org/packages/d4/a8/8ac50aafca7e5e466d712dd24e7dc1337935eb4661560294f115333bfc18/Box2D-2.3.10-cp312-cp312-win32.whl", hash = "sha256:b8d3d237de7caf729268687e3e7b0f8c13d509a67b6bb693d314f440c963f006", size = 1193198, upload-time = "2024-11-29T18:02:31.009Z" },
    { url = "https://files.pythonhosted.org/packages/f5/48/a3fde47fa3c2f5e32873e4cebc5ed5f663f434698dca1f0197c674e2f66c/Box2D-2.3.10-cp312-cp312-win_amd64.whl", hash = "sha256:ff9f434b61d2d9bf5c274aaa81a11ecd717441f64491bc22fda8151f3c35d78c", size = 1312692, upload-time = "2024-11-29T18:02:50.602Z" },
]

[[package]]
name = "cloudpickle"
version = "3.1.2"
source = { registry = "https://pypi.org/simple" }
sdist = { url = "https://files.pythonhosted.org/packages/27/fb/576f067976d320f5f0114a8d9fa1215425441bb35627b1993e5afd8111e5/cloudpickle-3.1.2.tar.gz", hash = "sha256:7fda9eb655c9c230dab534f1983763de5835249750e85fbcef43aaa30a9a2414", size = 22330, upload-time = "2025-11-03T09:25:26.604Z" }
wheels = [
    { url = "https://files.pythonhosted.org/packages/88/39/799be3f2f0f38cc727ee3b4f1445fe6d5e4133064ec2e4115069418a5bb6/cloudpickle-3.1.2-py3-none-any.whl", hash = "sha256:9acb47f6afd73f60dc1df93bb801b472f05ff42fa6c84167d25cb206be1fbf4a", size = 22228, upload-time = "2025-11-03T09:25:25.534Z" },
]

[[package]]
name = "farama-notifications"
version = "0.0.4"
source = { registry = "https://pypi.org/simple" }
sdist = { url = "https://files.pythonhosted.org/packages/2e/2c/8384832b7a6b1fd6ba95bbdcae26e7137bb3eedc955c42fd5cdcc086cfbf/Farama-Notifications-0.0.4.tar.gz", hash = "sha256:13fceff2d14314cf80703c8266462ebf3733c7d165336eee998fc58e545efd18", size = 2131, upload-time = "2023-02-27T18:28:41.047Z" }
wheels = [
    { url = "https://files.pythonhosted.org/packages/05/2c/ffc08c54c05cdce6fbed2aeebc46348dbe180c6d2c541c7af7ba0aa5f5f8/Farama_Notifications-0.0.4-py3-none-any.whl", hash = "sha256:14de931035a41961f7c056361dc7f980762a143d05791ef5794a751a2caf05ae", size = 2511, upload-time = "2023-02-27T18:28:39.447Z" },
]

[[package]]
name = "gymnasium"
version = "1.2.3"
source = { registry = "https://pypi.org/simple" }
dependencies = [
    { name = "cloudpickle" },
    { name = "farama-notifications" },
    { name = "numpy" },
    { name = "typing-extensions" },
]
sdist = { url = "https://files.pythonhosted.org/packages/76/59/653a9417d98ed3e29ef9734ba52c3495f6c6823b8d5c0c75369f25111708/gymnasium-1.2.3.tar.gz", hash = "sha256:2b2cb5b5fbbbdf3afb9f38ca952cc48aa6aa3e26561400d940747fda3ad42509", size = 829230, upload-time = "2025-12-18T16:51:10.234Z" }
wheels = [
    { url = "https://files.pythonhosted.org/packages/56/d3/ea5f088e3638dbab12e5c20d6559d5b3bdaeaa1f2af74e526e6815836285/gymnasium-1.2.3-py3-none-any.whl", hash = "sha256:e6314bba8f549c7fdcc8677f7cd786b64908af6e79b57ddaa5ce1825bffb5373", size = 952113, upload-time = "2025-12-18T16:51:08.445Z" },
]

[package.optional-dependencies]
box2d = [
    { name = "box2d" },
    { name = "pygame" },
    { name = "swig" },
]

[[package]]
name = "numpy"
version = "2.4.4"
source = { registry = "https://pypi.org/simple" }
sdist = { url = "https://files.pythonhosted.org/packages/d7/9f/b8cef5bffa569759033adda9481211426f12f53299629b410340795c2514/numpy-2.4.4.tar.gz", hash = "sha256:2d390634c5182175533585cc89f3608a4682ccb173cc9bb940b2881c8d6f8fa0", size = 20731587, upload-time = "2026-03-29T13:22:01.298Z" }
wheels = [
    { url = "https://files.pythonhosted.org/packages/28/05/32396bec30fb2263770ee910142f49c1476d08e8ad41abf8403806b520ce/numpy-2.4.4-cp312-cp312-macosx_10_13_x86_64.whl", hash = "sha256:15716cfef24d3a9762e3acdf87e27f58dc823d1348f765bbea6bef8c639bfa1b", size = 16689272, upload-time = "2026-03-29T13:18:49.223Z" },
    { url = "https://files.pythonhosted.org/packages/c5/f3/a983d28637bfcd763a9c7aafdb6d5c0ebf3d487d1e1459ffdb57e2f01117/numpy-2.4.4-cp312-cp312-macosx_11_0_arm64.whl", hash = "sha256:23cbfd4c17357c81021f21540da84ee282b9c8fba38a03b7b9d09ba6b951421e", size = 14699573, upload-time = "2026-03-29T13:18:52.629Z" },
    { url = "https://files.pythonhosted.org/packages/9b/fd/e5ecca1e78c05106d98028114f5c00d3eddb41207686b2b7de3e477b0e22/numpy-2.4.4-cp312-cp312-macosx_14_0_arm64.whl", hash = "sha256:8b3b60bb7cba2c8c81837661c488637eee696f59a877788a396d33150c35d842", size = 5204782, upload-time = "2026-03-29T13:18:55.579Z" },
    { url = "https://files.pythonhosted.org/packages/de/2f/702a4594413c1a8632092beae8aba00f1d67947389369b3777aed783fdca/numpy-2.4.4-cp312-cp312-macosx_14_0_x86_64.whl", hash = "sha256:e4a010c27ff6f210ff4c6ef34394cd61470d01014439b192ec22552ee867f2a8", size = 6552038, upload-time = "2026-03-29T13:18:57.769Z" },
    { url = "https://files.pythonhosted.org/packages/7f/37/eed308a8f56cba4d1fdf467a4fc67ef4ff4bf1c888f5fc980481890104b1/numpy-2.4.4-cp312-cp312-manylinux_2_27_aarch64.manylinux_2_28_aarch64.whl", hash = "sha256:f9e75681b59ddaa5e659898085ae0eaea229d054f2ac0c7e563a62205a700121", size = 15670666, upload-time = "2026-03-29T13:19:00.341Z" },
    { url = "https://files.pythonhosted.org/packages/0a/0d/0e3ecece05b7a7e87ab9fb587855548da437a061326fff64a223b6dcb78a/numpy-2.4.4-cp312-cp312-manylinux_2_27_x86_64.manylinux_2_28_x86_64.whl", hash = "sha256:81f4a14bee47aec54f883e0cad2d73986640c1590eb9bfaaba7ad17394481e6e", size = 16645480, upload-time = "2026-03-29T13:19:03.63Z" },
    { url = "https://files.pythonhosted.org/packages/34/49/f2312c154b82a286758ee2f1743336d50651f8b5195db18cdb63675ff649/numpy-2.4.4-cp312-cp312-musllinux_1_2_aarch64.whl", hash = "sha256:62d6b0f03b694173f9fcb1fb317f7222fd0b0b103e784c6549f5e53a27718c44", size = 17020036, upload-time = "2026-03-29T13:19:07.428Z" },
    { url = "https://files.pythonhosted.org/packages/7b/e9/736d17bd77f1b0ec4f9901aaec129c00d59f5d84d5e79bba540ef12c2330/numpy-2.4.4-cp312-cp312-musllinux_1_2_x86_64.whl", hash = "sha256:fbc356aae7adf9e6336d336b9c8111d390a05df88f1805573ebb0807bd06fd1d", size = 18368643, upload-time = "2026-03-29T13:19:10.775Z" },
    { url = "https://files.pythonhosted.org/packages/63/f6/d417977c5f519b17c8a5c3bc9e8304b0908b0e21136fe43bf628a1343914/numpy-2.4.4-cp312-cp312-win32.whl", hash = "sha256:0d35aea54ad1d420c812bfa0385c71cd7cc5bcf7c65fed95fc2cd02fe8c79827", size = 5961117, upload-time = "2026-03-29T13:19:13.464Z" },
    { url = "https://files.pythonhosted.org/packages/2d/5b/e1deebf88ff431b01b7406ca3583ab2bbb90972bbe1c568732e49c844f7e/numpy-2.4.4-cp312-cp312-win_amd64.whl", hash = "sha256:b5f0362dc928a6ecd9db58868fca5e48485205e3855957bdedea308f8672ea4a", size = 12320584, upload-time = "2026-03-29T13:19:16.155Z" },
    { url = "https://files.pythonhosted.org/packages/58/89/e4e856ac82a68c3ed64486a544977d0e7bdd18b8da75b78a577ca31c4395/numpy-2.4.4-cp312-cp312-win_arm64.whl", hash = "sha256:846300f379b5b12cc769334464656bc882e0735d27d9726568bc932fdc49d5ec", size = 10221450, upload-time = "2026-03-29T13:19:18.994Z" },
]

[[package]]
name = "pygame"
version = "2.6.1"
source = { registry = "https://pypi.org/simple" }
sdist = { url = "https://files.pythonhosted.org/packages/49/cc/08bba60f00541f62aaa252ce0cfbd60aebd04616c0b9574f755b583e45ae/pygame-2.6.1.tar.gz", hash = "sha256:56fb02ead529cee00d415c3e007f75e0780c655909aaa8e8bf616ee09c9feb1f", size = 14808125, upload-time = "2024-09-29T13:41:34.698Z" }
wheels = [
    { url = "https://files.pythonhosted.org/packages/92/16/2c602c332f45ff9526d61f6bd764db5096ff9035433e2172e2d2cadae8db/pygame-2.6.1-cp312-cp312-macosx_10_9_x86_64.whl", hash = "sha256:4ee7f2771f588c966fa2fa8b829be26698c9b4836f82ede5e4edc1a68594942e", size = 13118279, upload-time = "2024-09-29T14:26:30.427Z" },
    { url = "https://files.pythonhosted.org/packages/cd/53/77ccbc384b251c6e34bfd2e734c638233922449a7844e3c7a11ef91cee39/pygame-2.6.1-cp312-cp312-macosx_11_0_arm64.whl", hash = "sha256:c8040ea2ab18c6b255af706ec01355c8a6b08dc48d77fd4ee783f8fc46a843bf", size = 12384524, upload-time = "2024-09-29T14:26:49.996Z" },
    { url = "https://files.pythonhosted.org/packages/06/be/3ed337583f010696c3b3435e89a74fb29d0c74d0931e8f33c0a4246307a9/pygame-2.6.1-cp312-cp312-manylinux_2_17_aarch64.manylinux2014_aarch64.whl", hash = "sha256:c47a6938de93fa610accd4969e638c2aebcb29b2fca518a84c3a39d91ab47116", size = 13587123, upload-time = "2024-09-29T11:10:50.072Z" },
    { url = "https://files.pythonhosted.org/packages/fd/ca/b015586a450db59313535662991b34d24c1f0c0dc149cc5f496573900f4e/pygame-2.6.1-cp312-cp312-manylinux_2_17_i686.manylinux2014_i686.whl", hash = "sha256:33006f784e1c7d7e466fcb61d5489da59cc5f7eb098712f792a225df1d4e229d", size = 14275532, upload-time = "2024-09-29T11:39:59.356Z" },
    { url = "https://files.pythonhosted.org/packages/b9/f2/d31e6ad42d657af07be2ffd779190353f759a07b51232b9e1d724f2cda46/pygame-2.6.1-cp312-cp312-manylinux_2_17_x86_64.manylinux2014_x86_64.whl", hash = "sha256:1206125f14cae22c44565c9d333607f1d9f59487b1f1432945dfc809aeaa3e88", size = 13952653, upload-time = "2024-09-29T11:40:01.781Z" },
    { url = "https://files.pythonhosted.org/packages/f3/42/8ea2a6979e6fa971702fece1747e862e2256d4a8558fe0da6364dd946c53/pygame-2.6.1-cp312-cp312-win32.whl", hash = "sha256:84fc4054e25262140d09d39e094f6880d730199710829902f0d8ceae0213379e", size = 10252421, upload-time = "2024-09-29T11:14:26.877Z" },
    { url = "https://files.pythonhosted.org/packages/5f/90/7d766d54bb95939725e9a9361f9c06b0cfbe3fe100aa35400f0a461a278a/pygame-2.6.1-cp312-cp312-win_amd64.whl", hash = "sha256:3a9e7396be0d9633831c3f8d5d82dd63ba373ad65599628294b7a4f8a5a01a65", size = 10624591, upload-time = "2024-09-29T11:52:54.489Z" },
]

[[package]]
name = "swig"
version = "4.4.1"
source = { registry = "https://pypi.org/simple" }
sdist = { url = "https://files.pythonhosted.org/packages/9c/99/0556919f96b1c291a7ff83793adb328e2a1a5e6cfb379d5acc637cdec959/swig-4.4.1.tar.gz", hash = "sha256:db9a625653f6454530a6c6553d17cf576d7aa2d253c76dc8cdd5979f0cb15012", size = 25956, upload-time = "2025-12-27T03:25:49.609Z" }
wheels = [
    { url = "https://files.pythonhosted.org/packages/5e/92/5c2d8617871eeda00467afe94a7d58a1ad0217d71a39905ed682da9dfef8/swig-4.4.1-py3-none-macosx_10_9_universal2.whl", hash = "sha256:c185b217d2ed96ef475c48956e52dd3572a63d3aa3344bc45ee3fb4dc339ada0", size = 2592417, upload-time = "2025-12-27T03:25:14.681Z" },
    { url = "https://files.pythonhosted.org/packages/c0/4d/860e5475fe38b9c7dc36f61d0c370a62b6cc725d2bd11ada1d22a60ff5f7/swig-4.4.1-py3-none-manylinux2014_aarch64.manylinux_2_17_aarch64.whl", hash = "sha256:520fde8805b4775ef3814576929b8c44d666220b06d8da625f292192f9e74fe8", size = 1917511, upload-time = "2025-12-27T03:25:18.064Z" },
    { url = "https://files.pythonhosted.org/packages/84/e1/5cd4de23ff2b1d225279f7c7826191b1dbdb77fc858fe12ee7be2562ddb7/swig-4.4.1-py3-none-manylinux2014_ppc64le.manylinux_2_17_ppc64le.whl", hash = "sha256:d8cca45a0e8d1e045a1490ea2d05bc1c49e2c266dbbe5954048e2a93d125ee07", size = 2066284, upload-time = "2025-12-27T03:25:19.624Z" },
    { url = "https://files.pythonhosted.org/packages/96/42/d49992f3c39c90d3d46c431a4afea60fc16bae542cf07f394b298a1b21b5/swig-4.4.1-py3-none-manylinux2014_s390x.manylinux_2_17_s390x.whl", hash = "sha256:bfe6ce6189fc8b983f65f5ed3db8e1d8be03accb0ec3869f986a8343f014e4d9", size = 1912492, upload-time = "2025-12-27T03:25:21.843Z" },
    { url = "https://files.pythonhosted.org/packages/10/2e/4baa50fcf932f9d58bc8394b211c7daf3b7ec1e53c08d560142f1bc99cb9/swig-4.4.1-py3-none-manylinux_2_12_i686.manylinux2010_i686.whl", hash = "sha256:9c98d7b882b6debe3cbb87e6503858e104162d7ce5ab4cfc23425da2e26e51b5", size = 1979872, upload-time = "2025-12-27T03:25:23.48Z" },
    { url = "https://files.pythonhosted.org/packages/fa/7b/e3a14d053fa18b0d2e14efcc21883816964ddbe52a0c43018e195a99aba2/swig-4.4.1-py3-none-manylinux_2_12_x86_64.manylinux2010_x86_64.whl", hash = "sha256:ae3da2bf679a4c942a2c100789395d4d167e7da8286018124e4665f5eff43e31", size = 1895896, upload-time = "2025-12-27T03:25:24.98Z" },
    { url = "https://files.pythonhosted.org/packages/f0/a6/c961a911385a4cc4ae10b4dcbcf5dede0407530e59870ce6e4f7bacce47d/swig-4.4.1-py3-none-manylinux_2_24_armv7l.manylinux_2_31_armv7l.whl", hash = "sha256:7945f153f7fc93f1ab280f44a3740d6bbfeec3829f954784ba83990fc61a11a8", size = 1912119, upload-time = "2025-12-27T03:25:27.661Z" },
    { url = "https://files.pythonhosted.org/packages/86/4b/a08a2673a2fd3185932db110de67a9f6fdfcece6bf9220e18502bf745f7e/swig-4.4.1-py3-none-manylinux_2_31_riscv64.whl", hash = "sha256:5a9c74b87151d8247d802bda33f78cab9f27c759f0605b760a8f9c9893b5606b", size = 1885810, upload-time = "2025-12-27T03:25:29.562Z" },
    { url = "https://files.pythonhosted.org/packages/7e/38/efa343b506221a9d43bb1132f08b29fcb07d4113165f598d8a1ea733a1e4/swig-4.4.1-py3-none-musllinux_1_2_aarch64.whl", hash = "sha256:a95ae66aebb8ccce4c50febd496e6927b888d98aba272dd5642fe9312bf61a3b", size = 2950985, upload-time = "2025-12-27T03:25:31.586Z" },
    { url = "https://files.pythonhosted.org/packages/de/0b/5b46e61798982f3cb0ed54fc30a30bad5fa6e3bdd1d9177e439976f7a7e5/swig-4.4.1-py3-none-musllinux_1_2_armv7l.whl", hash = "sha256:a8f06227e6472832dad3ae34d5bd88710b7bbb109f2927e14a21e6725146e944", size = 2781782, upload-time = "2025-12-27T03:25:33.534Z" },
    { url = "https://files.pythonhosted.org/packages/17/e6/a15efd9cbf39b1289ee7c1acb8d18824a0c2532b85cdbd93acfdf15ee000/swig-4.4.1-py3-none-musllinux_1_2_i686.whl", hash = "sha256:98d61b45215982dd3a71745dfc31599176ed79d286b58bc712c10ed031432fdf", size = 3272993, upload-time = "2025-12-27T03:25:35.862Z" },
    { url = "https://files.pythonhosted.org/packages/d6/fa/516b95f9966c57acf1da9f2eb22e4e63104452d6e28686d57b216171ee7c/swig-4.4.1-py3-none-musllinux_1_2_ppc64le.whl", hash = "sha256:b6909a8bd68037ea0df061a52c664431b062dbdfb1eb90768719518c120139d1", size = 3189093, upload-time = "2025-12-27T03:25:38.158Z" },
    { url = "https://files.pythonhosted.org/packages/0c/03/88ca92d3d8e9dd765a66985202db23745bd26a368570a8d8db9a218bfe90/swig-4.4.1-py3-none-musllinux_1_2_riscv64.whl", hash = "sha256:6a6a6331a5c7759ba5a910aa83aa5d33022b8e691b6cb466635c7fc2238facd2", size = 2967789, upload-time = "2025-12-27T03:25:40.24Z" },
    { url = "https://files.pythonhosted.org/packages/bf/97/5ca3d750f294048c983edfad1f2ad093a83480494fccb2f2e2496304f965/swig-4.4.1-py3-none-musllinux_1_2_s390x.whl", hash = "sha256:2d076358cded172d2f44b3c617923c593dbae664b3fa45051641f028f7f74010", size = 3203253, upload-time = "2025-12-27T03:25:41.953Z" },
    { url = "https://files.pythonhosted.org/packages/97/44/96586955c0f08b0b9b6c8b2b68ecb43a815da94d5362cfb6691ede3b9fdf/swig-4.4.1-py3-none-musllinux_1_2_x86_64.whl", hash = "sha256:43a0a876b4660f6addb6ae72d14a72324dc1388e1c168ed38bb00fd123048749", size = 3060721, upload-time = "2025-12-27T03:25:44.322Z" },
    { url = "https://files.pythonhosted.org/packages/a7/2f/7a6b14eea6d0247d3f803649f50df3cf3905714bd82f2c386fcfde9544f3/swig-4.4.1-py3-none-win_amd64.whl", hash = "sha256:4548c06ea2ed60c91f003bbc3892db58e185f572705653ab1470ca770f70495d", size = 2548684, upload-time = "2025-12-27T03:25:46.255Z" },
    { url = "https://files.pythonhosted.org/packages/26/c1/c316899d55a476ee9433bede6b94899b117c5e4b7947a073ef21053d4a21/swig-4.4.1-py3-none-win_arm64.whl", hash = "sha256:063224fe9a2f22fffc7d3b9add250112630f0e00f5f8dd9b9591ac106560177a", size = 2548683, upload-time = "2025-12-27T03:25:48.319Z" },
]

[[package]]
name = "typing-extensions"
version = "4.15.0"
source = { registry = "https://pypi.org/simple" }
sdist = { url = "https://files.pythonhosted.org/packages/72/94/1a15dd82efb362ac84269196e94cf00f187f7ed21c242792a923cdb1c61f/typing_extensions-4.15.0.tar.gz", hash = "sha256:0cea48d173cc12fa28ecabc3b837ea3cf6f38c6d1136f85cbaaf598984861466", size = 109391, upload-time = "2025-08-25T13:49:26.313Z" }
wheels = [
    { url = "https://files.pythonhosted.org/packages/18/67/36e9267722cc04a6b9f15c7f3441c2363321a3ea07da7ae0c0707beb2a9c/typing_extensions-4.15.0-py3-none-any.whl", hash = "sha256:f0fa19c6845758ab08074a0cfa8b7aecb71c999ca73d62883bc25cc018c4e548", size = 44614, upload-time = "2025-08-25T13:49:24.86Z" },
]

[[package]]
name = "walker"
version = "0.1.0"
source = { virtual = "." }
dependencies = [
    { name = "gymnasium", extra = ["box2d"] },
    { name = "numpy" },
]

[package.metadata]
requires-dist = [
    { name = "gymnasium", extras = ["box2d"], specifier = ">=1.2.3" },
    { name = "numpy", specifier = ">=2.4.4" },
]
